
Microsoft Visual Studio Solution File, Format Version 10.00
# Visual Studio 2008
Project("{FAE04EC0-301F-11D3-BF4B-00C04F79EFBC}") = "ZigbeeConsole", "ZigbeeConsole\ZigbeeConsole.csproj", "{74F0327C-8A14-44B4-A13D-5746A751D705}"
EndProject
Project("{FAE04EC0-301F-11D3-BF4B-00C04F79EFBC}") = "IO", "IO\IO.csproj", "{A3B69586-127A-4287-9EA1-E64E2C42131C}"
EndProject
Project("{FAE04EC0-301F-11D3-BF4B-00C04F79EFBC}") = "Zigbee", "Zigbee\Zigbee.csproj", "{712410B3-03CB-4771-9AFE-75CA1C65EC3E}"
EndProject
Project("{FAE04EC0-301F-11D3-BF4B-00C04F79EFBC}") = "DNS", "DNS\DNS.csproj", "{43C6F30A-3EFA-45E1-ACF8-3D42C74BDC72}"
EndProject
Project("{FAE04EC0-301F-11D3-BF4B-00C04F79EFBC}") = "MicroZigbee", "MicroZigbee\MicroZigbee.csproj", "{60B9F011-DF1C-4624-8E04-52A2127C4CEE}"
EndProject
Project("{FAE04EC0-301F-11D3-BF4B-00C04F79EFBC}") = "MicroIO", "MicroIO\MicroIO.csproj", "{A009B2CC-E9A5-4B53-A132-56F25E4D0CB9}"
EndProject
Project("{FAE04EC0-301F-11D3-BF4B-00C04F79EFBC}") = "MicroZigbeeConsole", "MicroZigbeeConsole\MicroZigbeeConsole.csproj", "{99A86DD7-E28B-4E9E-B04A-1453C88F26ED}"
EndProject
Project("{FAE04EC0-301F-11D3-BF4B-00C04F79EFBC}") = "DnsConsole", "DnsConsole\DnsConsole.csproj", "{2DDEACF4-D21B-4143-B4CE-55CC68098835}"
EndProject
Project("{FAE04EC0-301F-11D3-BF4B-00C04F79EFBC}") = "HTTP", "HTTP\HTTP.csproj", "{71330466-A906-4DBB-8C6D-457210D53E47}"
EndProject
Project("{FAE04EC0-301F-11D3-BF4B-00C04F79EFBC}") = "HttpConsole", "HttpConsole\HttpConsole.csproj", "{43D7737D-9029-43DF-A367-A8C4B71BFFF9}"
EndProject
Project("{FAE04EC0-301F-11D3-BF4B-00C04F79EFBC}") = "MicroHTTP", "MicroHTTP\MicroHTTP.csproj", "{1CC369CA-5686-445E-805A-B9B02578799F}"
EndProject
Project("{FAE04EC0-301F-11D3-BF4B-00C04F79EFBC}") = "MicroHTTPConsole", "MicroHTTPConsole\MicroHTTPConsole.csproj", "{052865A7-299A-4D3F-BA8D-31368F872A29}"
EndProject
Project("{FAE04EC0-301F-11D3-BF4B-00C04F79EFBC}") = "MicroDNS", "MicroDNS\MicroDNS.csproj", "{846E5BFE-3BD9-4111-9FBB-1A9E4BF295A6}"
EndProject
Project("{FAE04EC0-301F-11D3-BF4B-00C04F79EFBC}") = "uALFAT", "uALFAT\uALFAT.csproj", "{99A4FCF1-68D3-4E0B-97C6-1CD7E81C3201}"
EndProject
Project("{FAE04EC0-301F-11D3-BF4B-00C04F79EFBC}") = "uALFAT_DemoApplication", "uALFAT_DemoApplication\uALFAT_DemoApplication.csproj", "{680F8443-80B4-48DE-B68A-691F21E214BA}"
EndProject
Project("{FAE04EC0-301F-11D3-BF4B-00C04F79EFBC}") = "MicroNTP", "MicroNTP\MicroNTP.csproj", "{7E0CDF9D-1EDC-4F9A-A4F6-01151BB89BB7}"
EndProject
Project("{FAE04EC0-301F-11D3-BF4B-00C04F79EFBC}") = "NTP", "NTP\NTP.csproj", "{8D2864CD-DF2E-494F-9DD1-2C31ECCF55D3}"
EndProject
Project("{FAE04EC0-301F-11D3-BF4B-00C04F79EFBC}") = "MicroGM862", "MicroGM862\MicroGM862.csproj", "{D184E90F-3AA2-4814-9192-6314C87B5713}"
EndProject
Project("{FAE04EC0-301F-11D3-BF4B-00C04F79EFBC}") = "MicroGM862Demo", "MicroGM862Demo\MicroGM862Demo.csproj", "{7B339108-37DE-40EB-85CB-9D736106D6EB}"
EndProject
Project("{FAE04EC0-301F-11D3-BF4B-00C04F79EFBC}") = "MicroUtilities", "MicroUtilities\MicroUtilities.csproj", "{25F61F25-06B4-4539-8AD3-F2317316A548}"
EndProject
Project("{FAE04EC0-301F-11D3-BF4B-00C04F79EFBC}") = "MicroC6820", "MicroC6820\MicroC6820.csproj", "{2086F783-8A1A-4B7F-BC5D-ADA834DA582D}"
EndProject
Global
	GlobalSection(TeamFoundationVersionControl) = preSolution
		SccNumberOfProjects = 22
		SccEnterpriseProvider = {4CA58AB2-18FA-4F8D-95D4-32DDF27D184C}
		SccTeamFoundationServer = https://tfs05.codeplex.com/
		SccLocalPath0 = .
		SccProjectUniqueName1 = DNS\\DNS.csproj
		SccProjectName1 = DNS
		SccLocalPath1 = DNS
		SccProjectUniqueName2 = DnsConsole\\DnsConsole.csproj
		SccProjectName2 = DnsConsole
		SccLocalPath2 = DnsConsole
		SccProjectUniqueName3 = IO\\IO.csproj
		SccProjectName3 = IO
		SccLocalPath3 = IO
		SccProjectUniqueName4 = MicroIO\\MicroIO.csproj
		SccProjectName4 = MicroIO
		SccLocalPath4 = MicroIO
		SccProjectUniqueName5 = MicroZigbee\\MicroZigbee.csproj
		SccProjectName5 = MicroZigbee
		SccLocalPath5 = MicroZigbee
		SccProjectUniqueName6 = MicroZigbeeConsole\\MicroZigbeeConsole.csproj
		SccProjectName6 = MicroZigbeeConsole
		SccLocalPath6 = MicroZigbeeConsole
		SccProjectUniqueName7 = Zigbee\\Zigbee.csproj
		SccProjectName7 = Zigbee
		SccLocalPath7 = Zigbee
		SccProjectUniqueName8 = ZigbeeConsole\\ZigbeeConsole.csproj
		SccProjectName8 = ZigbeeConsole
		SccLocalPath8 = ZigbeeConsole
		SccProjectUniqueName9 = HTTP\\HTTP.csproj
		SccProjectName9 = HTTP
		SccLocalPath9 = HTTP
		SccProjectUniqueName10 = HttpConsole\\HttpConsole.csproj
		SccProjectName10 = HttpConsole
		SccLocalPath10 = HttpConsole
		SccProjectUniqueName11 = MicroHTTP\\MicroHTTP.csproj
		SccProjectName11 = MicroHTTP
		SccLocalPath11 = MicroHTTP
		SccProjectUniqueName12 = MicroHTTPConsole\\MicroHTTPConsole.csproj
		SccProjectName12 = MicroHTTPConsole
		SccLocalPath12 = MicroHTTPConsole
		SccProjectUniqueName13 = MicroDNS\\MicroDNS.csproj
		SccProjectName13 = MicroDNS
		SccLocalPath13 = MicroDNS
		SccProjectUniqueName14 = uALFAT\\uALFAT.csproj
		SccProjectName14 = uALFAT
		SccLocalPath14 = uALFAT
		SccProjectUniqueName15 = uALFAT_DemoApplication\\uALFAT_DemoApplication.csproj
		SccProjectName15 = uALFAT_DemoApplication
		SccLocalPath15 = uALFAT_DemoApplication
		SccProjectUniqueName16 = MicroNTP\\MicroNTP.csproj
		SccProjectName16 = MicroNTP
		SccLocalPath16 = MicroNTP
		SccProjectUniqueName17 = NTP\\NTP.csproj
		SccProjectName17 = NTP
		SccLocalPath17 = NTP
		SccProjectUniqueName18 = MicroGM862\\MicroGM862.csproj
		SccProjectName18 = MicroGM862
		SccLocalPath18 = MicroGM862
		SccProjectUniqueName19 = MicroGM862Demo\\MicroGM862Demo.csproj
		SccProjectName19 = MicroGM862Demo
		SccLocalPath19 = MicroGM862Demo
		SccProjectUniqueName20 = MicroUtilities\\MicroUtilities.csproj
		SccProjectName20 = MicroUtilities
		SccLocalPath20 = MicroUtilities
		SccProjectUniqueName21 = MicroC6820\\MicroC6820.csproj
		SccProjectName21 = MicroC6820
		SccLocalPath21 = MicroC6820
	EndGlobalSection
	GlobalSection(SolutionConfigurationPlatforms) = preSolution
		Debug|Any CPU = Debug|Any CPU
		Release|Any CPU = Release|Any CPU
	EndGlobalSection
	GlobalSection(ProjectConfigurationPlatforms) = postSolution
		{74F0327C-8A14-44B4-A13D-5746A751D705}.Debug|Any CPU.ActiveCfg = Debug|Any CPU
		{74F0327C-8A14-44B4-A13D-5746A751D705}.Debug|Any CPU.Build.0 = Debug|Any CPU
		{74F0327C-8A14-44B4-A13D-5746A751D705}.Release|Any CPU.ActiveCfg = Release|Any CPU
		{74F0327C-8A14-44B4-A13D-5746A751D705}.Release|Any CPU.Build.0 = Release|Any CPU
		{A3B69586-127A-4287-9EA1-E64E2C42131C}.Debug|Any CPU.ActiveCfg = Debug|Any CPU
		{A3B69586-127A-4287-9EA1-E64E2C42131C}.Debug|Any CPU.Build.0 = Debug|Any CPU
		{A3B69586-127A-4287-9EA1-E64E2C42131C}.Release|Any CPU.ActiveCfg = Release|Any CPU
		{A3B69586-127A-4287-9EA1-E64E2C42131C}.Release|Any CPU.Build.0 = Release|Any CPU
		{712410B3-03CB-4771-9AFE-75CA1C65EC3E}.Debug|Any CPU.ActiveCfg = Debug|Any CPU
		{712410B3-03CB-4771-9AFE-75CA1C65EC3E}.Debug|Any CPU.Build.0 = Debug|Any CPU
		{712410B3-03CB-4771-9AFE-75CA1C65EC3E}.Release|Any CPU.ActiveCfg = Release|Any CPU
		{712410B3-03CB-4771-9AFE-75CA1C65EC3E}.Release|Any CPU.Build.0 = Release|Any CPU
		{43C6F30A-3EFA-45E1-ACF8-3D42C74BDC72}.Debug|Any CPU.ActiveCfg = Debug|Any CPU
		{43C6F30A-3EFA-45E1-ACF8-3D42C74BDC72}.Debug|Any CPU.Build.0 = Debug|Any CPU
		{43C6F30A-3EFA-45E1-ACF8-3D42C74BDC72}.Release|Any CPU.ActiveCfg = Release|Any CPU
		{43C6F30A-3EFA-45E1-ACF8-3D42C74BDC72}.Release|Any CPU.Build.0 = Release|Any CPU
		{60B9F011-DF1C-4624-8E04-52A2127C4CEE}.Debug|Any CPU.ActiveCfg = Debug|Any CPU
		{60B9F011-DF1C-4624-8E04-52A2127C4CEE}.Debug|Any CPU.Build.0 = Debug|Any CPU
		{60B9F011-DF1C-4624-8E04-52A2127C4CEE}.Release|Any CPU.ActiveCfg = Release|Any CPU
		{60B9F011-DF1C-4624-8E04-52A2127C4CEE}.Release|Any CPU.Build.0 = Release|Any CPU
		{A009B2CC-E9A5-4B53-A132-56F25E4D0CB9}.Debug|Any CPU.ActiveCfg = Debug|Any CPU
		{A009B2CC-E9A5-4B53-A132-56F25E4D0CB9}.Debug|Any CPU.Build.0 = Debug|Any CPU
		{A009B2CC-E9A5-4B53-A132-56F25E4D0CB9}.Release|Any CPU.ActiveCfg = Release|Any CPU
		{A009B2CC-E9A5-4B53-A132-56F25E4D0CB9}.Release|Any CPU.Build.0 = Release|Any CPU
		{99A86DD7-E28B-4E9E-B04A-1453C88F26ED}.Debug|Any CPU.ActiveCfg = Debug|Any CPU
		{99A86DD7-E28B-4E9E-B04A-1453C88F26ED}.Debug|Any CPU.Build.0 = Debug|Any CPU
		{99A86DD7-E28B-4E9E-B04A-1453C88F26ED}.Debug|Any CPU.Deploy.0 = Debug|Any CPU
		{99A86DD7-E28B-4E9E-B04A-1453C88F26ED}.Release|Any CPU.ActiveCfg = Release|Any CPU
		{99A86DD7-E28B-4E9E-B04A-1453C88F26ED}.Release|Any CPU.Build.0 = Release|Any CPU
		{99A86DD7-E28B-4E9E-B04A-1453C88F26ED}.Release|Any CPU.Deploy.0 = Release|Any CPU
		{2DDEACF4-D21B-4143-B4CE-55CC68098835}.Debug|Any CPU.ActiveCfg = Debug|Any CPU
		{2DDEACF4-D21B-4143-B4CE-55CC68098835}.Debug|Any CPU.Build.0 = Debug|Any CPU
		{2DDEACF4-D21B-4143-B4CE-55CC68098835}.Release|Any CPU.ActiveCfg = Release|Any CPU
		{2DDEACF4-D21B-4143-B4CE-55CC68098835}.Release|Any CPU.Build.0 = Release|Any CPU
		{71330466-A906-4DBB-8C6D-457210D53E47}.Debug|Any CPU.ActiveCfg = Debug|Any CPU
		{71330466-A906-4DBB-8C6D-457210D53E47}.Debug|Any CPU.Build.0 = Debug|Any CPU
		{71330466-A906-4DBB-8C6D-457210D53E47}.Release|Any CPU.ActiveCfg = Release|Any CPU
		{71330466-A906-4DBB-8C6D-457210D53E47}.Release|Any CPU.Build.0 = Release|Any CPU
		{43D7737D-9029-43DF-A367-A8C4B71BFFF9}.Debug|Any CPU.ActiveCfg = Debug|Any CPU
		{43D7737D-9029-43DF-A367-A8C4B71BFFF9}.Debug|Any CPU.Build.0 = Debug|Any CPU
		{43D7737D-9029-43DF-A367-A8C4B71BFFF9}.Release|Any CPU.ActiveCfg = Release|Any CPU
		{43D7737D-9029-43DF-A367-A8C4B71BFFF9}.Release|Any CPU.Build.0 = Release|Any CPU
		{1CC369CA-5686-445E-805A-B9B02578799F}.Debug|Any CPU.ActiveCfg = Debug|Any CPU
		{1CC369CA-5686-445E-805A-B9B02578799F}.Debug|Any CPU.Build.0 = Debug|Any CPU
		{1CC369CA-5686-445E-805A-B9B02578799F}.Release|Any CPU.ActiveCfg = Release|Any CPU
		{1CC369CA-5686-445E-805A-B9B02578799F}.Release|Any CPU.Build.0 = Release|Any CPU
		{052865A7-299A-4D3F-BA8D-31368F872A29}.Debug|Any CPU.ActiveCfg = Debug|Any CPU
		{052865A7-299A-4D3F-BA8D-31368F872A29}.Debug|Any CPU.Build.0 = Debug|Any CPU
		{052865A7-299A-4D3F-BA8D-31368F872A29}.Debug|Any CPU.Deploy.0 = Debug|Any CPU
		{052865A7-299A-4D3F-BA8D-31368F872A29}.Release|Any CPU.ActiveCfg = Release|Any CPU
		{052865A7-299A-4D3F-BA8D-31368F872A29}.Release|Any CPU.Build.0 = Release|Any CPU
		{052865A7-299A-4D3F-BA8D-31368F872A29}.Release|Any CPU.Deploy.0 = Release|Any CPU
		{846E5BFE-3BD9-4111-9FBB-1A9E4BF295A6}.Debug|Any CPU.ActiveCfg = Debug|Any CPU
		{846E5BFE-3BD9-4111-9FBB-1A9E4BF295A6}.Debug|Any CPU.Build.0 = Debug|Any CPU
		{846E5BFE-3BD9-4111-9FBB-1A9E4BF295A6}.Release|Any CPU.ActiveCfg = Release|Any CPU
		{846E5BFE-3BD9-4111-9FBB-1A9E4BF295A6}.Release|Any CPU.Build.0 = Release|Any CPU
		{99A4FCF1-68D3-4E0B-97C6-1CD7E81C3201}.Debug|Any CPU.ActiveCfg = Debug|Any CPU
		{99A4FCF1-68D3-4E0B-97C6-1CD7E81C3201}.Debug|Any CPU.Build.0 = Debug|Any CPU
		{99A4FCF1-68D3-4E0B-97C6-1CD7E81C3201}.Release|Any CPU.ActiveCfg = Release|Any CPU
		{99A4FCF1-68D3-4E0B-97C6-1CD7E81C3201}.Release|Any CPU.Build.0 = Release|Any CPU
		{680F8443-80B4-48DE-B68A-691F21E214BA}.Debug|Any CPU.ActiveCfg = Debug|Any CPU
		{680F8443-80B4-48DE-B68A-691F21E214BA}.Debug|Any CPU.Build.0 = Debug|Any CPU
		{680F8443-80B4-48DE-B68A-691F21E214BA}.Debug|Any CPU.Deploy.0 = Debug|Any CPU
		{680F8443-80B4-48DE-B68A-691F21E214BA}.Release|Any CPU.ActiveCfg = Release|Any CPU
		{680F8443-80B4-48DE-B68A-691F21E214BA}.Release|Any CPU.Build.0 = Release|Any CPU
		{680F8443-80B4-48DE-B68A-691F21E214BA}.Release|Any CPU.Deploy.0 = Release|Any CPU
		{7E0CDF9D-1EDC-4F9A-A4F6-01151BB89BB7}.Debug|Any CPU.ActiveCfg = Debug|Any CPU
		{7E0CDF9D-1EDC-4F9A-A4F6-01151BB89BB7}.Debug|Any CPU.Build.0 = Debug|Any CPU
		{7E0CDF9D-1EDC-4F9A-A4F6-01151BB89BB7}.Release|Any CPU.ActiveCfg = Release|Any CPU
		{7E0CDF9D-1EDC-4F9A-A4F6-01151BB89BB7}.Release|Any CPU.Build.0 = Release|Any CPU
		{8D2864CD-DF2E-494F-9DD1-2C31ECCF55D3}.Debug|Any CPU.ActiveCfg = Debug|Any CPU
		{8D2864CD-DF2E-494F-9DD1-2C31ECCF55D3}.Debug|Any CPU.Build.0 = Debug|Any CPU
		{8D2864CD-DF2E-494F-9DD1-2C31ECCF55D3}.Release|Any CPU.ActiveCfg = Release|Any CPU
		{8D2864CD-DF2E-494F-9DD1-2C31ECCF55D3}.Release|Any CPU.Build.0 = Release|Any CPU
		{D184E90F-3AA2-4814-9192-6314C87B5713}.Debug|Any CPU.ActiveCfg = Debug|Any CPU
		{D184E90F-3AA2-4814-9192-6314C87B5713}.Debug|Any CPU.Build.0 = Debug|Any CPU
		{D184E90F-3AA2-4814-9192-6314C87B5713}.Release|Any CPU.ActiveCfg = Release|Any CPU
		{D184E90F-3AA2-4814-9192-6314C87B5713}.Release|Any CPU.Build.0 = Release|Any CPU
		{7B339108-37DE-40EB-85CB-9D736106D6EB}.Debug|Any CPU.ActiveCfg = Debug|Any CPU
		{7B339108-37DE-40EB-85CB-9D736106D6EB}.Debug|Any CPU.Build.0 = Debug|Any CPU
		{7B339108-37DE-40EB-85CB-9D736106D6EB}.Debug|Any CPU.Deploy.0 = Debug|Any CPU
		{7B339108-37DE-40EB-85CB-9D736106D6EB}.Release|Any CPU.ActiveCfg = Release|Any CPU
		{7B339108-37DE-40EB-85CB-9D736106D6EB}.Release|Any CPU.Build.0 = Release|Any CPU
		{7B339108-37DE-40EB-85CB-9D736106D6EB}.Release|Any CPU.Deploy.0 = Release|Any CPU
		{25F61F25-06B4-4539-8AD3-F2317316A548}.Debug|Any CPU.ActiveCfg = Debug|Any CPU
		{25F61F25-06B4-4539-8AD3-F2317316A548}.Debug|Any CPU.Build.0 = Debug|Any CPU
		{25F61F25-06B4-4539-8AD3-F2317316A548}.Release|Any CPU.ActiveCfg = Release|Any CPU
		{25F61F25-06B4-4539-8AD3-F2317316A548}.Release|Any CPU.Build.0 = Release|Any CPU
		{2086F783-8A1A-4B7F-BC5D-ADA834DA582D}.Debug|Any CPU.ActiveCfg = Debug|Any CPU
		{2086F783-8A1A-4B7F-BC5D-ADA834DA582D}.Debug|Any CPU.Build.0 = Debug|Any CPU
		{2086F783-8A1A-4B7F-BC5D-ADA834DA582D}.Release|Any CPU.ActiveCfg = Release|Any CPU
		{2086F783-8A1A-4B7F-BC5D-ADA834DA582D}.Release|Any CPU.Build.0 = Release|Any CPU
	EndGlobalSection
	GlobalSection(SolutionProperties) = preSolution
		HideSolutionNode = FALSE
	EndGlobalSection
EndGlobal
